
Microsoft Visual Studio Solution File, Format Version 12.00
# Visual Studio Version 16
VisualStudioVersion = 16.0.31019.35
MinimumVisualStudioVersion = 10.0.40219.1
Project("{FAE04EC0-301F-11D3-BF4B-00C04F79EFBC}") = "LineBotDemo", "LineBotDemo\LineBotDemo.csproj", "{3BB89A61-3AA9-4146-95BD-A34F6486582F}"
EndProject
Global
	GlobalSection(SolutionConfigurationPlatforms) = preSolution
		Debug|Any CPU = Debug|Any CPU
		Release|Any CPU = Release|Any CPU
	EndGlobalSection
	GlobalSection(ProjectConfigurationPlatforms) = postSolution
		{3BB89A61-3AA9-4146-95BD-A34F6486582F}.Debug|Any CPU.ActiveCfg = Debug|Any CPU
		{3BB89A61-3AA9-4146-95BD-A34F6486582F}.Debug|Any CPU.Build.0 = Debug|Any CPU
		{3BB89A61-3AA9-4146-95BD-A34F6486582F}.Release|Any CPU.ActiveCfg = Release|Any CPU
		{3BB89A61-3AA9-4146-95BD-A34F6486582F}.Release|Any CPU.Build.0 = Release|Any CPU
	EndGlobalSection
	GlobalSection(SolutionProperties) = preSolution
		HideSolutionNode = FALSE
	EndGlobalSection
	GlobalSection(ExtensibilityGlobals) = postSolution
		SolutionGuid = {06743D08-A91F-469F-9656-DD91F313CC56}
	EndGlobalSection
EndGlobal
